
Microsoft Visual Studio Solution File, Format Version 12.00
# Visual Studio Version 17
VisualStudioVersion = 17.4.33122.133
MinimumVisualStudioVersion = 10.0.40219.1
Project("{FAE04EC0-301F-11D3-BF4B-00C04F79EFBC}") = "Find_Easy_Flat.Api", "Find_Easy_Flat.Api\Find_Easy_Flat.Api.csproj", "{77AF9566-0066-4D10-90D9-F3D94AC5E20E}"
EndProject
Global
	GlobalSection(SolutionConfigurationPlatforms) = preSolution
		Debug|Any CPU = Debug|Any CPU
		Release|Any CPU = Release|Any CPU
	EndGlobalSection
	GlobalSection(ProjectConfigurationPlatforms) = postSolution
		{77AF9566-0066-4D10-90D9-F3D94AC5E20E}.Debug|Any CPU.ActiveCfg = Debug|Any CPU
		{77AF9566-0066-4D10-90D9-F3D94AC5E20E}.Debug|Any CPU.Build.0 = Debug|Any CPU
		{77AF9566-0066-4D10-90D9-F3D94AC5E20E}.Release|Any CPU.ActiveCfg = Release|Any CPU
		{77AF9566-0066-4D10-90D9-F3D94AC5E20E}.Release|Any CPU.Build.0 = Release|Any CPU
	EndGlobalSection
	GlobalSection(SolutionProperties) = preSolution
		HideSolutionNode = FALSE
	EndGlobalSection
	GlobalSection(ExtensibilityGlobals) = postSolution
		SolutionGuid = {35EF53A2-7A75-4F5D-A1EE-7D1089AE8C41}
	EndGlobalSection
EndGlobal
